
Microsoft Visual Studio Solution File, Format Version 12.00
# Visual Studio 2015
Project("{FAE04EC0-301F-11D3-BF4B-00C04F79EFBC}") = "Assembly-CSharp", "Assembly-CSharp.csproj", "{3900DAF6-353E-74E4-09F0-E30BBF3ADE7B}"
EndProject
Project("{FAE04EC0-301F-11D3-BF4B-00C04F79EFBC}") = "Assembly-CSharp-firstpass", "Assembly-CSharp-firstpass.csproj", "{C12E0C55-8AB8-4A72-E84B-646D9291C58F}"
EndProject
Project("{FAE04EC0-301F-11D3-BF4B-00C04F79EFBC}") = "Assembly-CSharp-Editor", "Assembly-CSharp-Editor.csproj", "{FE186C04-D087-8E71-55B7-7539B5A50C84}"
EndProject
Project("{FAE04EC0-301F-11D3-BF4B-00C04F79EFBC}") = "Assembly-CSharp-Editor-firstpass", "Assembly-CSharp-Editor-firstpass.csproj", "{C57CB761-1CDF-BA1E-594D-50A7315E7B36}"
EndProject
Global
	GlobalSection(SolutionConfigurationPlatforms) = preSolution
		Debug|Any CPU = Debug|Any CPU
		Release|Any CPU = Release|Any CPU
	EndGlobalSection
	GlobalSection(ProjectConfigurationPlatforms) = postSolution
		{3900DAF6-353E-74E4-09F0-E30BBF3ADE7B}.Debug|Any CPU.ActiveCfg = Debug|Any CPU
		{3900DAF6-353E-74E4-09F0-E30BBF3ADE7B}.Debug|Any CPU.Build.0 = Debug|Any CPU
		{3900DAF6-353E-74E4-09F0-E30BBF3ADE7B}.Release|Any CPU.ActiveCfg = Release|Any CPU
		{3900DAF6-353E-74E4-09F0-E30BBF3ADE7B}.Release|Any CPU.Build.0 = Release|Any CPU
		{C12E0C55-8AB8-4A72-E84B-646D9291C58F}.Debug|Any CPU.ActiveCfg = Debug|Any CPU
		{C12E0C55-8AB8-4A72-E84B-646D9291C58F}.Debug|Any CPU.Build.0 = Debug|Any CPU
		{C12E0C55-8AB8-4A72-E84B-646D9291C58F}.Release|Any CPU.ActiveCfg = Release|Any CPU
		{C12E0C55-8AB8-4A72-E84B-646D9291C58F}.Release|Any CPU.Build.0 = Release|Any CPU
		{FE186C04-D087-8E71-55B7-7539B5A50C84}.Debug|Any CPU.ActiveCfg = Debug|Any CPU
		{FE186C04-D087-8E71-55B7-7539B5A50C84}.Debug|Any CPU.Build.0 = Debug|Any CPU
		{FE186C04-D087-8E71-55B7-7539B5A50C84}.Release|Any CPU.ActiveCfg = Release|Any CPU
		{FE186C04-D087-8E71-55B7-7539B5A50C84}.Release|Any CPU.Build.0 = Release|Any CPU
		{C57CB761-1CDF-BA1E-594D-50A7315E7B36}.Debug|Any CPU.ActiveCfg = Debug|Any CPU
		{C57CB761-1CDF-BA1E-594D-50A7315E7B36}.Debug|Any CPU.Build.0 = Debug|Any CPU
		{C57CB761-1CDF-BA1E-594D-50A7315E7B36}.Release|Any CPU.ActiveCfg = Release|Any CPU
		{C57CB761-1CDF-BA1E-594D-50A7315E7B36}.Release|Any CPU.Build.0 = Release|Any CPU
	EndGlobalSection
	GlobalSection(SolutionProperties) = preSolution
		HideSolutionNode = FALSE
	EndGlobalSection
EndGlobal
